
Microsoft Visual Studio Solution File, Format Version 12.00
# Visual Studio Version 17
VisualStudioVersion = 17.0.31912.275
MinimumVisualStudioVersion = 10.0.40219.1
Project("{9A19103F-16F7-4668-BE54-9A1E7A4F7556}") = "AdventOfCode2022.Day01.ConsoleApp", "AdventOfCode2022.Day01.ConsoleApp\AdventOfCode2022.Day01.ConsoleApp.csproj", "{935698AF-25AD-4031-9388-204561788DF5}"
EndProject
Project("{9A19103F-16F7-4668-BE54-9A1E7A4F7556}") = "AdventOfCode2022.Shared", "AdventOfCode2022.Shared\AdventOfCode2022.Shared.csproj", "{C257A25D-E90E-45D7-B9B8-E769FBF3EEDC}"
EndProject
Project("{9A19103F-16F7-4668-BE54-9A1E7A4F7556}") = "AdventOfCode2022.Day02.ConsoleApp", "AdventOfCode2022.Day02.ConsoleApp\AdventOfCode2022.Day02.ConsoleApp.csproj", "{61803004-91B0-4B04-9DEE-6D8A7AA8751E}"
EndProject
Project("{9A19103F-16F7-4668-BE54-9A1E7A4F7556}") = "AdventOfCode2022.Day03.ConsoleApp", "AdventOfCode2022.Day03.ConsoleApp\AdventOfCode2022.Day03.ConsoleApp.csproj", "{DAEABEBA-483E-49C7-BCB9-07627C97583C}"
EndProject
Project("{9A19103F-16F7-4668-BE54-9A1E7A4F7556}") = "AdventOfCode2022.Day04.ConsoleApp", "AdventOfCode2022.Day04.ConsoleApp\AdventOfCode2022.Day04.ConsoleApp.csproj", "{E5A68014-BD60-45C4-9BA8-86AFA034E0E9}"
EndProject
Project("{9A19103F-16F7-4668-BE54-9A1E7A4F7556}") = "AdventOfCode2022.Day05.ConsoleApp", "AdventOfCode2022.Day05.ConsoleApp\AdventOfCode2022.Day05.ConsoleApp.csproj", "{579A701C-D92E-495E-A709-C052FD206B07}"
EndProject
Project("{9A19103F-16F7-4668-BE54-9A1E7A4F7556}") = "AdventOfCode2022.Day06.ConsoleApp", "AdventOfCode2022.Day06.ConsoleApp\AdventOfCode2022.Day06.ConsoleApp.csproj", "{7084A5EC-8819-47B3-9C03-0DF894AE485B}"
EndProject
Project("{9A19103F-16F7-4668-BE54-9A1E7A4F7556}") = "AdventOfCode2022.Day07.ConsoleApp", "AdventOfCode2022.Day07.ConsoleApp\AdventOfCode2022.Day07.ConsoleApp.csproj", "{237726B9-877F-44F0-B58B-079EFABFA8D6}"
EndProject
Project("{FAE04EC0-301F-11D3-BF4B-00C04F79EFBC}") = "AdventOfCode2022.Day08.ConsoleApp", "AdventOfCode2022.Day08.ConsoleApp\AdventOfCode2022.Day08.ConsoleApp.csproj", "{9008765E-F7AF-441E-A274-BDA92B9E166A}"
EndProject
Global
	GlobalSection(SolutionConfigurationPlatforms) = preSolution
		Debug|Any CPU = Debug|Any CPU
		Release|Any CPU = Release|Any CPU
	EndGlobalSection
	GlobalSection(ProjectConfigurationPlatforms) = postSolution
		{935698AF-25AD-4031-9388-204561788DF5}.Debug|Any CPU.ActiveCfg = Debug|Any CPU
		{935698AF-25AD-4031-9388-204561788DF5}.Debug|Any CPU.Build.0 = Debug|Any CPU
		{935698AF-25AD-4031-9388-204561788DF5}.Release|Any CPU.ActiveCfg = Release|Any CPU
		{935698AF-25AD-4031-9388-204561788DF5}.Release|Any CPU.Build.0 = Release|Any CPU
		{C257A25D-E90E-45D7-B9B8-E769FBF3EEDC}.Debug|Any CPU.ActiveCfg = Debug|Any CPU
		{C257A25D-E90E-45D7-B9B8-E769FBF3EEDC}.Debug|Any CPU.Build.0 = Debug|Any CPU
		{C257A25D-E90E-45D7-B9B8-E769FBF3EEDC}.Release|Any CPU.ActiveCfg = Release|Any CPU
		{C257A25D-E90E-45D7-B9B8-E769FBF3EEDC}.Release|Any CPU.Build.0 = Release|Any CPU
		{61803004-91B0-4B04-9DEE-6D8A7AA8751E}.Debug|Any CPU.ActiveCfg = Debug|Any CPU
		{61803004-91B0-4B04-9DEE-6D8A7AA8751E}.Debug|Any CPU.Build.0 = Debug|Any CPU
		{61803004-91B0-4B04-9DEE-6D8A7AA8751E}.Release|Any CPU.ActiveCfg = Release|Any CPU
		{61803004-91B0-4B04-9DEE-6D8A7AA8751E}.Release|Any CPU.Build.0 = Release|Any CPU
		{DAEABEBA-483E-49C7-BCB9-07627C97583C}.Debug|Any CPU.ActiveCfg = Debug|Any CPU
		{DAEABEBA-483E-49C7-BCB9-07627C97583C}.Debug|Any CPU.Build.0 = Debug|Any CPU
		{DAEABEBA-483E-49C7-BCB9-07627C97583C}.Release|Any CPU.ActiveCfg = Release|Any CPU
		{DAEABEBA-483E-49C7-BCB9-07627C97583C}.Release|Any CPU.Build.0 = Release|Any CPU
		{E5A68014-BD60-45C4-9BA8-86AFA034E0E9}.Debug|Any CPU.ActiveCfg = Debug|Any CPU
		{E5A68014-BD60-45C4-9BA8-86AFA034E0E9}.Debug|Any CPU.Build.0 = Debug|Any CPU
		{E5A68014-BD60-45C4-9BA8-86AFA034E0E9}.Release|Any CPU.ActiveCfg = Release|Any CPU
		{E5A68014-BD60-45C4-9BA8-86AFA034E0E9}.Release|Any CPU.Build.0 = Release|Any CPU
		{579A701C-D92E-495E-A709-C052FD206B07}.Debug|Any CPU.ActiveCfg = Debug|Any CPU
		{579A701C-D92E-495E-A709-C052FD206B07}.Debug|Any CPU.Build.0 = Debug|Any CPU
		{579A701C-D92E-495E-A709-C052FD206B07}.Release|Any CPU.ActiveCfg = Release|Any CPU
		{579A701C-D92E-495E-A709-C052FD206B07}.Release|Any CPU.Build.0 = Release|Any CPU
		{7084A5EC-8819-47B3-9C03-0DF894AE485B}.Debug|Any CPU.ActiveCfg = Debug|Any CPU
		{7084A5EC-8819-47B3-9C03-0DF894AE485B}.Debug|Any CPU.Build.0 = Debug|Any CPU
		{7084A5EC-8819-47B3-9C03-0DF894AE485B}.Release|Any CPU.ActiveCfg = Release|Any CPU
		{7084A5EC-8819-47B3-9C03-0DF894AE485B}.Release|Any CPU.Build.0 = Release|Any CPU
		{237726B9-877F-44F0-B58B-079EFABFA8D6}.Debug|Any CPU.ActiveCfg = Debug|Any CPU
		{237726B9-877F-44F0-B58B-079EFABFA8D6}.Debug|Any CPU.Build.0 = Debug|Any CPU
		{237726B9-877F-44F0-B58B-079EFABFA8D6}.Release|Any CPU.ActiveCfg = Release|Any CPU
		{237726B9-877F-44F0-B58B-079EFABFA8D6}.Release|Any CPU.Build.0 = Release|Any CPU
		{9008765E-F7AF-441E-A274-BDA92B9E166A}.Debug|Any CPU.ActiveCfg = Debug|Any CPU
		{9008765E-F7AF-441E-A274-BDA92B9E166A}.Debug|Any CPU.Build.0 = Debug|Any CPU
		{9008765E-F7AF-441E-A274-BDA92B9E166A}.Release|Any CPU.ActiveCfg = Release|Any CPU
		{9008765E-F7AF-441E-A274-BDA92B9E166A}.Release|Any CPU.Build.0 = Release|Any CPU
	EndGlobalSection
	GlobalSection(SolutionProperties) = preSolution
		HideSolutionNode = FALSE
	EndGlobalSection
	GlobalSection(ExtensibilityGlobals) = postSolution
		SolutionGuid = {1ACB5AA4-8540-41D6-96EF-5A9BB15CB29B}
	EndGlobalSection
EndGlobal
